// !$*UTF8*$!
{
	archiveVersion = 1;
	classes = {
	};
	objectVersion = 51;
	objects = {

/* Begin PBXBuildFile section */
		1B34471DEC4D7DDAFA04D096 /* Pods_OsagieProject.framework in Frameworks */ = {isa = PBXBuildFile; fileRef = 762B3360176C05BA0F55C5C5 /* Pods_OsagieProject.framework */; };
		2B08ACBC26B7246B00A63475 /* HomeViewController.swift in Sources */ = {isa = PBXBuildFile; fileRef = 2B08ACBB26B7246B00A63475 /* HomeViewController.swift */; };
		2B08ACC626B7273200A63475 /* DetailViewController.swift in Sources */ = {isa = PBXBuildFile; fileRef = 2B08ACC526B7273200A63475 /* DetailViewController.swift */; };
		2B08ACCD26B7280000A63475 /* ApiUtils.swift in Sources */ = {isa = PBXBuildFile; fileRef = 2B08ACCB26B7280000A63475 /* ApiUtils.swift */; };
		2B08ACCE26B7280000A63475 /* Connectivity.swift in Sources */ = {isa = PBXBuildFile; fileRef = 2B08ACCC26B7280000A63475 /* Connectivity.swift */; };
		2B08ACD726B7291500A63475 /* Models.swift in Sources */ = {isa = PBXBuildFile; fileRef = 2B08ACD626B7291500A63475 /* Models.swift */; };
		2B8DA14026B15F0D008DFEF2 /* AppDelegate.swift in Sources */ = {isa = PBXBuildFile; fileRef = 2B8DA13F26B15F0D008DFEF2 /* AppDelegate.swift */; };
		2B8DA14226B15F0D008DFEF2 /* SceneDelegate.swift in Sources */ = {isa = PBXBuildFile; fileRef = 2B8DA14126B15F0D008DFEF2 /* SceneDelegate.swift */; };
		2B8DA14426B15F0D008DFEF2 /* ViewController.swift in Sources */ = {isa = PBXBuildFile; fileRef = 2B8DA14326B15F0D008DFEF2 /* ViewController.swift */; };
		2B8DA14726B15F0D008DFEF2 /* Main.storyboard in Resources */ = {isa = PBXBuildFile; fileRef = 2B8DA14526B15F0D008DFEF2 /* Main.storyboard */; };
		2B8DA14926B15F11008DFEF2 /* Assets.xcassets in Resources */ = {isa = PBXBuildFile; fileRef = 2B8DA14826B15F11008DFEF2 /* Assets.xcassets */; };
		2B8DA14C26B15F11008DFEF2 /* LaunchScreen.storyboard in Resources */ = {isa = PBXBuildFile; fileRef = 2B8DA14A26B15F11008DFEF2 /* LaunchScreen.storyboard */; };
/* End PBXBuildFile section */

/* Begin PBXFileReference section */
		2B08ACBB26B7246B00A63475 /* HomeViewController.swift */ = {isa = PBXFileReference; lastKnownFileType = sourcecode.swift; path = HomeViewController.swift; sourceTree = "<group>"; };
		2B08ACC526B7273200A63475 /* DetailViewController.swift */ = {isa = PBXFileReference; lastKnownFileType = sourcecode.swift; path = DetailViewController.swift; sourceTree = "<group>"; };
		2B08ACCB26B7280000A63475 /* ApiUtils.swift */ = {isa = PBXFileReference; fileEncoding = 4; lastKnownFileType = sourcecode.swift; path = ApiUtils.swift; sourceTree = "<group>"; };
		2B08ACCC26B7280000A63475 /* Connectivity.swift */ = {isa = PBXFileReference; fileEncoding = 4; lastKnownFileType = sourcecode.swift; path = Connectivity.swift; sourceTree = "<group>"; };
		2B08ACD626B7291500A63475 /* Models.swift */ = {isa = PBXFileReference; lastKnownFileType = sourcecode.swift; path = Models.swift; sourceTree = "<group>"; };
		2B8DA13C26B15F0D008DFEF2 /* OsagieProject.app */ = {isa = PBXFileReference; explicitFileType = wrapper.application; includeInIndex = 0; path = OsagieProject.app; sourceTree = BUILT_PRODUCTS_DIR; };
		2B8DA13F26B15F0D008DFEF2 /* AppDelegate.swift */ = {isa = PBXFileReference; lastKnownFileType = sourcecode.swift; path = AppDelegate.swift; sourceTree = "<group>"; };
		2B8DA14126B15F0D008DFEF2 /* SceneDelegate.swift */ = {isa = PBXFileReference; lastKnownFileType = sourcecode.swift; path = SceneDelegate.swift; sourceTree = "<group>"; };
		2B8DA14326B15F0D008DFEF2 /* ViewController.swift */ = {isa = PBXFileReference; lastKnownFileType = sourcecode.swift; path = ViewController.swift; sourceTree = "<group>"; };
		2B8DA14626B15F0D008DFEF2 /* Base */ = {isa = PBXFileReference; lastKnownFileType = file.storyboard; name = Base; path = Base.lproj/Main.storyboard; sourceTree = "<group>"; };
		2B8DA14826B15F11008DFEF2 /* Assets.xcassets */ = {isa = PBXFileReference; lastKnownFileType = folder.assetcatalog; path = Assets.xcassets; sourceTree = "<group>"; };
		2B8DA14B26B15F11008DFEF2 /* Base */ = {isa = PBXFileReference; lastKnownFileType = file.storyboard; name = Base; path = Base.lproj/LaunchScreen.storyboard; sourceTree = "<group>"; };
		2B8DA14D26B15F11008DFEF2 /* Info.plist */ = {isa = PBXFileReference; lastKnownFileType = text.plist.xml; path = Info.plist; sourceTree = "<group>"; };
		762B3360176C05BA0F55C5C5 /* Pods_OsagieProject.framework */ = {isa = PBXFileReference; explicitFileType = wrapper.framework; includeInIndex = 0; path = Pods_OsagieProject.framework; sourceTree = BUILT_PRODUCTS_DIR; };
		9176F9425F92EFE18E88E0B2 /* Pods-OsagieProject.debug.xcconfig */ = {isa = PBXFileReference; includeInIndex = 1; lastKnownFileType = text.xcconfig; name = "Pods-OsagieProject.debug.xcconfig"; path = "Target Support Files/Pods-OsagieProject/Pods-OsagieProject.debug.xcconfig"; sourceTree = "<group>"; };
		D2A62FBEC4ABEB17B1E13237 /* Pods-OsagieProject.release.xcconfig */ = {isa = PBXFileReference; includeInIndex = 1; lastKnownFileType = text.xcconfig; name = "Pods-OsagieProject.release.xcconfig"; path = "Target Support Files/Pods-OsagieProject/Pods-OsagieProject.release.xcconfig"; sourceTree = "<group>"; };
/* End PBXFileReference section */

/* Begin PBXFrameworksBuildPhase section */
		2B8DA13926B15F0D008DFEF2 /* Frameworks */ = {
			isa = PBXFrameworksBuildPhase;
			buildActionMask = 2147483647;
			files = (
				1B34471DEC4D7DDAFA04D096 /* Pods_OsagieProject.framework in Frameworks */,
			);
			runOnlyForDeploymentPostprocessing = 0;
		};
/* End PBXFrameworksBuildPhase section */

/* Begin PBXGroup section */
		2B08ACC826B7273A00A63475 /* View Controllers */ = {
			isa = PBXGroup;
			children = (
				2B08ACBB26B7246B00A63475 /* HomeViewController.swift */,
				2B08ACC526B7273200A63475 /* DetailViewController.swift */,
			);
			path = "View Controllers";
			sourceTree = "<group>";
		};
		2B08ACCA26B727D700A63475 /* Helpers */ = {
			isa = PBXGroup;
			children = (
				2B08ACCB26B7280000A63475 /* ApiUtils.swift */,
				2B08ACCC26B7280000A63475 /* Connectivity.swift */,
			);
			path = Helpers;
			sourceTree = "<group>";
		};
		2B08ACD526B7290700A63475 /* Models */ = {
			isa = PBXGroup;
			children = (
				2B08ACD626B7291500A63475 /* Models.swift */,
			);
			path = Models;
			sourceTree = "<group>";
		};
		2B8DA13326B15F0D008DFEF2 = {
			isa = PBXGroup;
			children = (
				2B8DA13E26B15F0D008DFEF2 /* OsagieProject */,
				2B8DA13D26B15F0D008DFEF2 /* Products */,
				8669C3DF741BD34695C0A54C /* Pods */,
				DBA121A7F92522B23B433C99 /* Frameworks */,
			);
			sourceTree = "<group>";
		};
		2B8DA13D26B15F0D008DFEF2 /* Products */ = {
			isa = PBXGroup;
			children = (
				2B8DA13C26B15F0D008DFEF2 /* OsagieProject.app */,
			);
			name = Products;
			sourceTree = "<group>";
		};
		2B8DA13E26B15F0D008DFEF2 /* OsagieProject */ = {
			isa = PBXGroup;
			children = (
				2B08ACD526B7290700A63475 /* Models */,
				2B08ACCA26B727D700A63475 /* Helpers */,
				2B08ACC826B7273A00A63475 /* View Controllers */,
				2B8DA13F26B15F0D008DFEF2 /* AppDelegate.swift */,
				2B8DA14126B15F0D008DFEF2 /* SceneDelegate.swift */,
				2B8DA14326B15F0D008DFEF2 /* ViewController.swift */,
				2B8DA14526B15F0D008DFEF2 /* Main.storyboard */,
				2B8DA14826B15F11008DFEF2 /* Assets.xcassets */,
				2B8DA14A26B15F11008DFEF2 /* LaunchScreen.storyboard */,
				2B8DA14D26B15F11008DFEF2 /* Info.plist */,
			);
			path = OsagieProject;
			sourceTree = "<group>";
		};
		8669C3DF741BD34695C0A54C /* Pods */ = {
			isa = PBXGroup;
			children = (
				9176F9425F92EFE18E88E0B2 /* Pods-OsagieProject.debug.xcconfig */,
				D2A62FBEC4ABEB17B1E13237 /* Pods-OsagieProject.release.xcconfig */,
			);
			path = Pods;
			sourceTree = "<group>";
		};
		DBA121A7F92522B23B433C99 /* Frameworks */ = {
			isa = PBXGroup;
			children = (
				762B3360176C05BA0F55C5C5 /* Pods_OsagieProject.framework */,
			);
			name = Frameworks;
			sourceTree = "<group>";
		};
/* End PBXGroup section */

/* Begin PBXNativeTarget section */
		2B8DA13B26B15F0D008DFEF2 /* OsagieProject */ = {
			isa = PBXNativeTarget;
			buildConfigurationList = 2B8DA15026B15F11008DFEF2 /* Build configuration list for PBXNativeTarget "OsagieProject" */;
			buildPhases = (
				4D94BB614E9A179B5C4BF626 /* [CP] Check Pods Manifest.lock */,
				2B8DA13826B15F0D008DFEF2 /* Sources */,
				2B8DA13926B15F0D008DFEF2 /* Frameworks */,
				2B8DA13A26B15F0D008DFEF2 /* Resources */,
				E9851840ED2C94452B303162 /* [CP] Embed Pods Frameworks */,
			);
			buildRules = (
			);
			dependencies = (
			);
			name = OsagieProject;
			productName = OsagieProject;
			productReference = 2B8DA13C26B15F0D008DFEF2 /* OsagieProject.app */;
			productType = "com.apple.product-type.application";
		};
/* End PBXNativeTarget section */

/* Begin PBXProject section */
		2B8DA13426B15F0D008DFEF2 /* Project object */ = {
			isa = PBXProject;
			attributes = {
				LastSwiftUpdateCheck = 1240;
				LastUpgradeCheck = 1240;
				TargetAttributes = {
					2B8DA13B26B15F0D008DFEF2 = {
						CreatedOnToolsVersion = 12.4;
					};
				};
			};
			buildConfigurationList = 2B8DA13726B15F0D008DFEF2 /* Build configuration list for PBXProject "OsagieProject" */;
			compatibilityVersion = "Xcode 9.3";
			developmentRegion = en;
			hasScannedForEncodings = 0;
			knownRegions = (
				en,
				Base,
			);
			mainGroup = 2B8DA13326B15F0D008DFEF2;
			productRefGroup = 2B8DA13D26B15F0D008DFEF2 /* Products */;
			projectDirPath = "";
			projectRoot = "";
			targets = (
				2B8DA13B26B15F0D008DFEF2 /* OsagieProject */,
			);
		};
/* End PBXProject section */

/* Begin PBXResourcesBuildPhase section */
		2B8DA13A26B15F0D008DFEF2 /* Resources */ = {
			isa = PBXResourcesBuildPhase;
			buildActionMask = 2147483647;
			files = (
				2B8DA14C26B15F11008DFEF2 /* LaunchScreen.storyboard in Resources */,
				2B8DA14926B15F11008DFEF2 /* Assets.xcassets in Resources */,
				2B8DA14726B15F0D008DFEF2 /* Main.storyboard in Resources */,
			);
			runOnlyForDeploymentPostprocessing = 0;
		};
/* End PBXResourcesBuildPhase section */

/* Begin PBXShellScriptBuildPhase section */
		4D94BB614E9A179B5C4BF626 /* [CP] Check Pods Manifest.lock */ = {
			isa = PBXShellScriptBuildPhase;
			buildActionMask = 2147483647;
			files = (
			);
			inputFileListPaths = (
			);
			inputPaths = (
				"${PODS_PODFILE_DIR_PATH}/Podfile.lock",
				"${PODS_ROOT}/Manifest.lock",
			);
			name = "[CP] Check Pods Manifest.lock";
			outputFileListPaths = (
			);
			outputPaths = (
				"$(DERIVED_FILE_DIR)/Pods-OsagieProject-checkManifestLockResult.txt",
			);
			runOnlyForDeploymentPostprocessing = 0;
			shellPath = /bin/sh;
			shellScript = "diff \"${PODS_PODFILE_DIR_PATH}/Podfile.lock\" \"${PODS_ROOT}/Manifest.lock\" > /dev/null\nif [ $? != 0 ] ; then\n    # print error to STDERR\n    echo \"error: The sandbox is not in sync with the Podfile.lock. Run 'pod install' or update your CocoaPods installation.\" >&2\n    exit 1\nfi\n# This output is used by Xcode 'outputs' to avoid re-running this script phase.\necho \"SUCCESS\" > \"${SCRIPT_OUTPUT_FILE_0}\"\n";
			showEnvVarsInLog = 0;
		};
		E9851840ED2C94452B303162 /* [CP] Embed Pods Frameworks */ = {
			isa = PBXShellScriptBuildPhase;
			buildActionMask = 2147483647;
			files = (
			);
			inputFileListPaths = (
				"${PODS_ROOT}/Target Support Files/Pods-OsagieProject/Pods-OsagieProject-frameworks-${CONFIGURATION}-input-files.xcfilelist",
			);
			name = "[CP] Embed Pods Frameworks";
			outputFileListPaths = (
				"${PODS_ROOT}/Target Support Files/Pods-OsagieProject/Pods-OsagieProject-frameworks-${CONFIGURATION}-output-files.xcfilelist",
			);
			runOnlyForDeploymentPostprocessing = 0;
			shellPath = /bin/sh;
			shellScript = "\"${PODS_ROOT}/Target Support Files/Pods-OsagieProject/Pods-OsagieProject-frameworks.sh\"\n";
			showEnvVarsInLog = 0;
		};
/* End PBXShellScriptBuildPhase section */

/* Begin PBXSourcesBuildPhase section */
		2B8DA13826B15F0D008DFEF2 /* Sources */ = {
			isa = PBXSourcesBuildPhase;
			buildActionMask = 2147483647;
			files = (
				2B08ACCD26B7280000A63475 /* ApiUtils.swift in Sources */,
				2B8DA14426B15F0D008DFEF2 /* ViewController.swift in Sources */,
				2B8DA14026B15F0D008DFEF2 /* AppDelegate.swift in Sources */,
				2B08ACD726B7291500A63475 /* Models.swift in Sources */,
				2B08ACC626B7273200A63475 /* DetailViewController.swift in Sources */,
				2B8DA14226B15F0D008DFEF2 /* SceneDelegate.swift in Sources */,
				2B08ACBC26B7246B00A63475 /* HomeViewController.swift in Sources */,
				2B08ACCE26B7280000A63475 /* Connectivity.swift in Sources */,
			);
			runOnlyForDeploymentPostprocessing = 0;
		};
/* End PBXSourcesBuildPhase section */

/* Begin PBXVariantGroup section */
		2B8DA14526B15F0D008DFEF2 /* Main.storyboard */ = {
			isa = PBXVariantGroup;
			children = (
				2B8DA14626B15F0D008DFEF2 /* Base */,
			);
			name = Main.storyboard;
			sourceTree = "<group>";
		};
		2B8DA14A26B15F11008DFEF2 /* LaunchScreen.storyboard */ = {
			isa = PBXVariantGroup;
			children = (
				2B8DA14B26B15F11008DFEF2 /* Base */,
			);
			name = LaunchScreen.storyboard;
			sourceTree = "<group>";
		};
/* End PBXVariantGroup section */

/* Begin XCBuildConfiguration section */
		2B8DA14E26B15F11008DFEF2 /* Debug */ = {
			isa = XCBuildConfiguration;
			buildSettings = {
				ALWAYS_SEARCH_USER_PATHS = NO;
				CLANG_ANALYZER_NONNULL = YES;
				CLANG_ANALYZER_NUMBER_OBJECT_CONVERSION = YES_AGGRESSIVE;
				CLANG_CXX_LANGUAGE_STANDARD = "gnu++14";
				CLANG_CXX_LIBRARY = "libc++";
				CLANG_ENABLE_MODULES = YES;
				CLANG_ENABLE_OBJC_ARC = YES;
				CLANG_ENABLE_OBJC_WEAK = YES;
				CLANG_WARN_BLOCK_CAPTURE_AUTORELEASING = YES;
				CLANG_WARN_BOOL_CONVERSION = YES;
				CLANG_WARN_COMMA = YES;
				CLANG_WARN_CONSTANT_CONVERSION = YES;
				CLANG_WARN_DEPRECATED_OBJC_IMPLEMENTATIONS = YES;
				CLANG_WARN_DIRECT_OBJC_ISA_USAGE = YES_ERROR;
				CLANG_WARN_DOCUMENTATION_COMMENTS = YES;
				CLANG_WARN_EMPTY_BODY = YES;
				CLANG_WARN_ENUM_CONVERSION = YES;
				CLANG_WARN_INFINITE_RECURSION = YES;
				CLANG_WARN_INT_CONVERSION = YES;
				CLANG_WARN_NON_LITERAL_NULL_CONVERSION = YES;
				CLANG_WARN_OBJC_IMPLICIT_RETAIN_SELF = YES;
				CLANG_WARN_OBJC_LITERAL_CONVERSION = YES;
				CLANG_WARN_OBJC_ROOT_CLASS = YES_ERROR;
				CLANG_WARN_QUOTED_INCLUDE_IN_FRAMEWORK_HEADER = YES;
				CLANG_WARN_RANGE_LOOP_ANALYSIS = YES;
				CLANG_WARN_STRICT_PROTOTYPES = YES;
				CLANG_WARN_SUSPICIOUS_MOVE = YES;
				CLANG_WARN_UNGUARDED_AVAILABILITY = YES_AGGRESSIVE;
				CLANG_WARN_UNREACHABLE_CODE = YES;
				CLANG_WARN__DUPLICATE_METHOD_MATCH = YES;
				COPY_PHASE_STRIP = NO;
				DEBUG_INFORMATION_FORMAT = dwarf;
				ENABLE_STRICT_OBJC_MSGSEND = YES;
				ENABLE_TESTABILITY = YES;
				GCC_C_LANGUAGE_STANDARD = gnu11;
				GCC_DYNAMIC_NO_PIC = NO;
				GCC_NO_COMMON_BLOCKS = YES;
				GCC_OPTIMIZATION_LEVEL = 0;
				GCC_PREPROCESSOR_DEFINITIONS = (
					"DEBUG=1",
					"$(inherited)",
				);
				GCC_WARN_64_TO_32_BIT_CONVERSION = YES;
				GCC_WARN_ABOUT_RETURN_TYPE = YES_ERROR;
				GCC_WARN_UNDECLARED_SELECTOR = YES;
				GCC_WARN_UNINITIALIZED_AUTOS = YES_AGGRESSIVE;
				GCC_WARN_UNUSED_FUNCTION = YES;
				GCC_WARN_UNUSED_VARIABLE = YES;
				IPHONEOS_DEPLOYMENT_TARGET = 12.1;
				MTL_ENABLE_DEBUG_INFO = INCLUDE_SOURCE;
				MTL_FAST_MATH = YES;
				ONLY_ACTIVE_ARCH = YES;
				SDKROOT = iphoneos;
				SWIFT_ACTIVE_COMPILATION_CONDITIONS = DEBUG;
				SWIFT_OPTIMIZATION_LEVEL = "-Onone";
			};
			name = Debug;
		};
		2B8DA14F26B15F11008DFEF2 /* Release */ = {
			isa = XCBuildConfiguration;
			buildSettings = {
				ALWAYS_SEARCH_USER_PATHS = NO;
				CLANG_ANALYZER_NONNULL = YES;
				CLANG_ANALYZER_NUMBER_OBJECT_CONVERSION = YES_AGGRESSIVE;
				CLANG_CXX_LANGUAGE_STANDARD = "gnu++14";
				CLANG_CXX_LIBRARY = "libc++";
				CLANG_ENABLE_MODULES = YES;
				CLANG_ENABLE_OBJC_ARC = YES;
				CLANG_ENABLE_OBJC_WEAK = YES;
				CLANG_WARN_BLOCK_CAPTURE_AUTORELEASING = YES;
				CLANG_WARN_BOOL_CONVERSION = YES;
				CLANG_WARN_COMMA = YES;
				CLANG_WARN_CONSTANT_CONVERSION = YES;
				CLANG_WARN_DEPRECATED_OBJC_IMPLEMENTATIONS = YES;
				CLANG_WARN_DIRECT_OBJC_ISA_USAGE = YES_ERROR;
				CLANG_WARN_DOCUMENTATION_COMMENTS = YES;
				CLANG_WARN_EMPTY_BODY = YES;
				CLANG_WARN_ENUM_CONVERSION = YES;
				CLANG_WARN_INFINITE_RECURSION = YES;
				CLANG_WARN_INT_CONVERSION = YES;
				CLANG_WARN_NON_LITERAL_NULL_CONVERSION = YES;
				CLANG_WARN_OBJC_IMPLICIT_RETAIN_SELF = YES;
				CLANG_WARN_OBJC_LITERAL_CONVERSION = YES;
				CLANG_WARN_OBJC_ROOT_CLASS = YES_ERROR;
				CLANG_WARN_QUOTED_INCLUDE_IN_FRAMEWORK_HEADER = YES;
				CLANG_WARN_RANGE_LOOP_ANALYSIS = YES;
				CLANG_WARN_STRICT_PROTOTYPES = YES;
				CLANG_WARN_SUSPICIOUS_MOVE = YES;
				CLANG_WARN_UNGUARDED_AVAILABILITY = YES_AGGRESSIVE;
				CLANG_WARN_UNREACHABLE_CODE = YES;
				CLANG_WARN__DUPLICATE_METHOD_MATCH = YES;
				COPY_PHASE_STRIP = NO;
				DEBUG_INFORMATION_FORMAT = "dwarf-with-dsym";
				ENABLE_NS_ASSERTIONS = NO;
				ENABLE_STRICT_OBJC_MSGSEND = YES;
				GCC_C_LANGUAGE_STANDARD = gnu11;
				GCC_NO_COMMON_BLOCKS = YES;
				GCC_WARN_64_TO_32_BIT_CONVERSION = YES;
				GCC_WARN_ABOUT_RETURN_TYPE = YES_ERROR;
				GCC_WARN_UNDECLARED_SELECTOR = YES;
				GCC_WARN_UNINITIALIZED_AUTOS = YES_AGGRESSIVE;
				GCC_WARN_UNUSED_FUNCTION = YES;
				GCC_WARN_UNUSED_VARIABLE = YES;
				IPHONEOS_DEPLOYMENT_TARGET = 12.1;
				MTL_ENABLE_DEBUG_INFO = NO;
				MTL_FAST_MATH = YES;
				SDKROOT = iphoneos;
				SWIFT_COMPILATION_MODE = wholemodule;
				SWIFT_OPTIMIZATION_LEVEL = "-O";
				VALIDATE_PRODUCT = YES;
			};
			name = Release;
		};
		2B8DA15126B15F11008DFEF2 /* Debug */ = {
			isa = XCBuildConfiguration;
			baseConfigurationReference = 9176F9425F92EFE18E88E0B2 /* Pods-OsagieProject.debug.xcconfig */;
			buildSettings = {
				ASSETCATALOG_COMPILER_APPICON_NAME = AppIcon;
				ASSETCATALOG_COMPILER_GLOBAL_ACCENT_COLOR_NAME = AccentColor;
				CODE_SIGN_STYLE = Automatic;
				DEVELOPMENT_TEAM = 5M9L529UU2;
				INFOPLIST_FILE = OsagieProject/Info.plist;
				LD_RUNPATH_SEARCH_PATHS = (
					"$(inherited)",
					"@executable_path/Frameworks",
				);
				PRODUCT_BUNDLE_IDENTIFIER = com.soyeboibukun.OsagieProject;
				PRODUCT_NAME = "$(TARGET_NAME)";
				SWIFT_VERSION = 5.0;
				TARGETED_DEVICE_FAMILY = "1,2";
			};
			name = Debug;
		};
		2B8DA15226B15F11008DFEF2 /* Release */ = {
			isa = XCBuildConfiguration;
			baseConfigurationReference = D2A62FBEC4ABEB17B1E13237 /* Pods-OsagieProject.release.xcconfig */;
			buildSettings = {
				ASSETCATALOG_COMPILER_APPICON_NAME = AppIcon;
				ASSETCATALOG_COMPILER_GLOBAL_ACCENT_COLOR_NAME = AccentColor;
				CODE_SIGN_STYLE = Automatic;
				DEVELOPMENT_TEAM = 5M9L529UU2;
				INFOPLIST_FILE = OsagieProject/Info.plist;
				LD_RUNPATH_SEARCH_PATHS = (
					"$(inherited)",
					"@executable_path/Frameworks",
				);
				PRODUCT_BUNDLE_IDENTIFIER = com.soyeboibukun.OsagieProject;
				PRODUCT_NAME = "$(TARGET_NAME)";
				SWIFT_VERSION = 5.0;
				TARGETED_DEVICE_FAMILY = "1,2";
			};
			name = Release;
		};
/* End XCBuildConfiguration section */

/* Begin XCConfigurationList section */
		2B8DA13726B15F0D008DFEF2 /* Build configuration list for PBXProject "OsagieProject" */ = {
			isa = XCConfigurationList;
			buildConfigurations = (
				2B8DA14E26B15F11008DFEF2 /* Debug */,
				2B8DA14F26B15F11008DFEF2 /* Release */,
			);
			defaultConfigurationIsVisible = 0;
			defaultConfigurationName = Release;
		};
		2B8DA15026B15F11008DFEF2 /* Build configuration list for PBXNativeTarget "OsagieProject" */ = {
			isa = XCConfigurationList;
			buildConfigurations = (
				2B8DA15126B15F11008DFEF2 /* Debug */,
				2B8DA15226B15F11008DFEF2 /* Release */,
			);
			defaultConfigurationIsVisible = 0;
			defaultConfigurationName = Release;
		};
/* End XCConfigurationList section */
	};
	rootObject = 2B8DA13426B15F0D008DFEF2 /* Project object */;
}
